
Microsoft Visual Studio Solution File, Format Version 12.00
# Visual Studio 2013
VisualStudioVersion = 12.0.21005.1
MinimumVisualStudioVersion = 10.0.40219.1
Project("{FAE04EC0-301F-11D3-BF4B-00C04F79EFBC}") = "StudyDatabase", "StudyDatabase\StudyDatabase.csproj", "{B10F4ACF-7A91-489C-A5A7-E22EB0F47A28}"
EndProject
Project("{FAE04EC0-301F-11D3-BF4B-00C04F79EFBC}") = "StudyDatabase.Tests", "StudyDatabase.Tests\StudyDatabase.Tests.csproj", "{39CF534D-0388-442E-B4E8-685DF91A9AC4}"
EndProject
Global
	GlobalSection(SolutionConfigurationPlatforms) = preSolution
		Debug|Any CPU = Debug|Any CPU
		Release|Any CPU = Release|Any CPU
	EndGlobalSection
	GlobalSection(ProjectConfigurationPlatforms) = postSolution
		{B10F4ACF-7A91-489C-A5A7-E22EB0F47A28}.Debug|Any CPU.ActiveCfg = Debug|Any CPU
		{B10F4ACF-7A91-489C-A5A7-E22EB0F47A28}.Debug|Any CPU.Build.0 = Debug|Any CPU
		{B10F4ACF-7A91-489C-A5A7-E22EB0F47A28}.Release|Any CPU.ActiveCfg = Release|Any CPU
		{B10F4ACF-7A91-489C-A5A7-E22EB0F47A28}.Release|Any CPU.Build.0 = Release|Any CPU
		{39CF534D-0388-442E-B4E8-685DF91A9AC4}.Debug|Any CPU.ActiveCfg = Debug|Any CPU
		{39CF534D-0388-442E-B4E8-685DF91A9AC4}.Debug|Any CPU.Build.0 = Debug|Any CPU
		{39CF534D-0388-442E-B4E8-685DF91A9AC4}.Release|Any CPU.ActiveCfg = Release|Any CPU
		{39CF534D-0388-442E-B4E8-685DF91A9AC4}.Release|Any CPU.Build.0 = Release|Any CPU
	EndGlobalSection
	GlobalSection(SolutionProperties) = preSolution
		HideSolutionNode = FALSE
	EndGlobalSection
EndGlobal
